<?xml version="1.0" encoding="utf-8"?>
<Project ToolsVersion="4.0" xmlns="http://schemas.microsoft.com/developer/msbuild/2003">
  <ItemGroup>
    <Filter Include="Source Files">
      <UniqueIdentifier>{4FC737F1-C7A5-4376-A066-2A32D752A2FF}</UniqueIdentifier>
      <Extensions>cpp;c;cc;cxx;def;odl;idl;hpj;bat;asm;asmx</Extensions>
    </Filter>
    <Filter Include="Header Files">
      <UniqueIdentifier>{93995380-89BD-4b04-88EB-625FBE52EBFB}</UniqueIdentifier>
      <Extensions>h;hpp;hxx;hm;inl;inc;xsd</Extensions>
    </Filter>
    <Filter Include="Resource Files">
      <UniqueIdentifier>{67DA6AB6-F800-4c08-8B7A-83BB121AAD01}</UniqueIdentifier>
      <Extensions>rc;ico;cur;bmp;dlg;rc2;rct;bin;rgs;gif;jpg;jpeg;jpe;resx;tiff;tif;png;wav;mfcribbon-ms</Extensions>
    </Filter>
    <Filter Include="Source Files\json">
      <UniqueIdentifier>{c569b824-fcd5-47e1-99f0-e3a5103cc095}</UniqueIdentifier>
    </Filter>
    <Filter Include="Header Files\jsoncpp">
      <UniqueIdentifier>{f3569711-9ea4-4f0b-84e0-dd237edd8999}</UniqueIdentifier>
    </Filter>
    <Filter Include="Source Files\zlib-ng">
      <UniqueIdentifier>{2ab4e7cc-b54b-4586-a1dc-165f8b6208ce}</UniqueIdentifier>
    </Filter>
    <Filter Include="Header Files\zlib-ng">
      <UniqueIdentifier>{0a08edb0-b40e-4784-b0c6-18b2ab1893f1}</UniqueIdentifier>
    </Filter>
  </ItemGroup>
  <ItemGroup>
    <ClCompile Include="fly-server-test-port.cpp">
      <Filter>Source Files</Filter>
    </ClCompile>
    <ClCompile Include="CDBManager.cpp">
      <Filter>Source Files</Filter>
    </ClCompile>
    <ClCompile Include="jsoncpp\jsoncpp.cpp">
      <Filter>Source Files\json</Filter>
    </ClCompile>
    <ClCompile Include="CivetServer.cpp">
      <Filter>Source Files</Filter>
    </ClCompile>
    <ClCompile Include="civetweb.c">
      <Filter>Source Files</Filter>
    </ClCompile>
    <ClCompile Include="zlib-ng\adler32.c">
      <Filter>Source Files\zlib-ng</Filter>
    </ClCompile>
    <ClCompile Include="zlib-ng\chunkset.c">
      <Filter>Source Files\zlib-ng</Filter>
    </ClCompile>
    <ClCompile Include="zlib-ng\compare258.c">
      <Filter>Source Files\zlib-ng</Filter>
    </ClCompile>
    <ClCompile Include="zlib-ng\compress.c">
      <Filter>Source Files\zlib-ng</Filter>
    </ClCompile>
    <ClCompile Include="zlib-ng\crc32.c">
      <Filter>Source Files\zlib-ng</Filter>
    </ClCompile>
    <ClCompile Include="zlib-ng\crc32_comb.c">
      <Filter>Source Files\zlib-ng</Filter>
    </ClCompile>
    <ClCompile Include="zlib-ng\deflate.c">
      <Filter>Source Files\zlib-ng</Filter>
    </ClCompile>
    <ClCompile Include="zlib-ng\deflate_fast.c">
      <Filter>Source Files\zlib-ng</Filter>
    </ClCompile>
    <ClCompile Include="zlib-ng\deflate_medium.c">
      <Filter>Source Files\zlib-ng</Filter>
    </ClCompile>
    <ClCompile Include="zlib-ng\deflate_quick.c">
      <Filter>Source Files\zlib-ng</Filter>
    </ClCompile>
    <ClCompile Include="zlib-ng\deflate_slow.c">
      <Filter>Source Files\zlib-ng</Filter>
    </ClCompile>
    <ClCompile Include="zlib-ng\functable.c">
      <Filter>Source Files\zlib-ng</Filter>
    </ClCompile>
    <ClCompile Include="zlib-ng\gzlib.c">
      <Filter>Source Files\zlib-ng</Filter>
    </ClCompile>
    <ClCompile Include="zlib-ng\gzread.c">
      <Filter>Source Files\zlib-ng</Filter>
    </ClCompile>
    <ClCompile Include="zlib-ng\gzwrite.c">
      <Filter>Source Files\zlib-ng</Filter>
    </ClCompile>
    <ClCompile Include="zlib-ng\infback.c">
      <Filter>Source Files\zlib-ng</Filter>
    </ClCompile>
    <ClCompile Include="zlib-ng\inffast.c">
      <Filter>Source Files\zlib-ng</Filter>
    </ClCompile>
    <ClCompile Include="zlib-ng\inflate.c">
      <Filter>Source Files\zlib-ng</Filter>
    </ClCompile>
    <ClCompile Include="zlib-ng\inftrees.c">
      <Filter>Source Files\zlib-ng</Filter>
    </ClCompile>
    <ClCompile Include="zlib-ng\insert_string.c">
      <Filter>Source Files\zlib-ng</Filter>
    </ClCompile>
    <ClCompile Include="zlib-ng\trees.c">
      <Filter>Source Files\zlib-ng</Filter>
    </ClCompile>
    <ClCompile Include="zlib-ng\uncompr.c">
      <Filter>Source Files\zlib-ng</Filter>
    </ClCompile>
    <ClCompile Include="zlib-ng\zutil.c">
      <Filter>Source Files\zlib-ng</Filter>
    </ClCompile>
  </ItemGroup>
  <ItemGroup>
    <ClInclude Include="CDBManager.h">
      <Filter>Header Files</Filter>
    </ClInclude>
    <ClInclude Include="Thread.h">
      <Filter>Header Files</Filter>
    </ClInclude>
    <ClInclude Include="debug.h">
      <Filter>Header Files</Filter>
    </ClInclude>
    <ClInclude Include="jsoncpp\include\json\json.h">
      <Filter>Header Files\jsoncpp</Filter>
    </ClInclude>
    <ClInclude Include="CivetServer.h">
      <Filter>Header Files</Filter>
    </ClInclude>
    <ClInclude Include="civetweb.h">
      <Filter>Header Files</Filter>
    </ClInclude>
    <ClInclude Include="zlib-ng\adler32_p.h">
      <Filter>Header Files\zlib-ng</Filter>
    </ClInclude>
    <ClInclude Include="zlib-ng\chunkset_tpl.h">
      <Filter>Header Files\zlib-ng</Filter>
    </ClInclude>
    <ClInclude Include="zlib-ng\crc32_comb_tbl.h">
      <Filter>Header Files\zlib-ng</Filter>
    </ClInclude>
    <ClInclude Include="zlib-ng\crc32_p.h">
      <Filter>Header Files\zlib-ng</Filter>
    </ClInclude>
    <ClInclude Include="zlib-ng\crc32_tbl.h">
      <Filter>Header Files\zlib-ng</Filter>
    </ClInclude>
    <ClInclude Include="zlib-ng\deflate.h">
      <Filter>Header Files\zlib-ng</Filter>
    </ClInclude>
    <ClInclude Include="zlib-ng\deflate_p.h">
      <Filter>Header Files\zlib-ng</Filter>
    </ClInclude>
    <ClInclude Include="zlib-ng\fallback_builtins.h">
      <Filter>Header Files\zlib-ng</Filter>
    </ClInclude>
    <ClInclude Include="zlib-ng\functable.h">
      <Filter>Header Files\zlib-ng</Filter>
    </ClInclude>
    <ClInclude Include="zlib-ng\gzguts.h">
      <Filter>Header Files\zlib-ng</Filter>
    </ClInclude>
    <ClInclude Include="zlib-ng\inffast.h">
      <Filter>Header Files\zlib-ng</Filter>
    </ClInclude>
    <ClInclude Include="zlib-ng\inffixed_tbl.h">
      <Filter>Header Files\zlib-ng</Filter>
    </ClInclude>
    <ClInclude Include="zlib-ng\inflate.h">
      <Filter>Header Files\zlib-ng</Filter>
    </ClInclude>
    <ClInclude Include="zlib-ng\inflate_p.h">
      <Filter>Header Files\zlib-ng</Filter>
    </ClInclude>
    <ClInclude Include="zlib-ng\inftrees.h">
      <Filter>Header Files\zlib-ng</Filter>
    </ClInclude>
    <ClInclude Include="zlib-ng\insert_string_tpl.h">
      <Filter>Header Files\zlib-ng</Filter>
    </ClInclude>
    <ClInclude Include="zlib-ng\match_tpl.h">
      <Filter>Header Files\zlib-ng</Filter>
    </ClInclude>
    <ClInclude Include="zlib-ng\trees.h">
      <Filter>Header Files\zlib-ng</Filter>
    </ClInclude>
    <ClInclude Include="zlib-ng\trees_emit.h">
      <Filter>Header Files\zlib-ng</Filter>
    </ClInclude>
    <ClInclude Include="zlib-ng\trees_tbl.h">
      <Filter>Header Files\zlib-ng</Filter>
    </ClInclude>
    <ClInclude Include="zlib-ng\zbuild.h">
      <Filter>Header Files\zlib-ng</Filter>
    </ClInclude>
    <ClInclude Include="zlib-ng\zconf-ng.h">
      <Filter>Header Files\zlib-ng</Filter>
    </ClInclude>
    <ClInclude Include="zlib-ng\zendian.h">
      <Filter>Header Files\zlib-ng</Filter>
    </ClInclude>
    <ClInclude Include="zlib-ng\zlib-ng.h">
      <Filter>Header Files\zlib-ng</Filter>
    </ClInclude>
    <ClInclude Include="zlib-ng\zutil.h">
      <Filter>Header Files\zlib-ng</Filter>
    </ClInclude>
    <ClInclude Include="zlib-ng\zutil_p.h">
      <Filter>Header Files\zlib-ng</Filter>
    </ClInclude>
  </ItemGroup>
</Project>